
Microsoft Visual Studio Solution File, Format Version 12.00
# Visual Studio Version 16
VisualStudioVersion = 16.0.33027.164
MinimumVisualStudioVersion = 10.0.40219.1
Project("{FAE04EC0-301F-11D3-BF4B-00C04F79EFBC}") = "ContentProtector.Site", "ContentProtector.Site\ContentProtector.Site.csproj", "{46C4F41C-B901-457B-8632-010752722ECA}"
EndProject
Project("{FAE04EC0-301F-11D3-BF4B-00C04F79EFBC}") = "ContentProtector", "ContentProtector\ContentProtector.csproj", "{D478A8D2-35A3-4438-8967-4BB71C5B8342}"
EndProject
Global
	GlobalSection(SolutionConfigurationPlatforms) = preSolution
		Debug|Any CPU = Debug|Any CPU
		Release|Any CPU = Release|Any CPU
	EndGlobalSection
	GlobalSection(ProjectConfigurationPlatforms) = postSolution
		{46C4F41C-B901-457B-8632-010752722ECA}.Debug|Any CPU.ActiveCfg = Debug|Any CPU
		{46C4F41C-B901-457B-8632-010752722ECA}.Debug|Any CPU.Build.0 = Debug|Any CPU
		{46C4F41C-B901-457B-8632-010752722ECA}.Release|Any CPU.ActiveCfg = Release|Any CPU
		{46C4F41C-B901-457B-8632-010752722ECA}.Release|Any CPU.Build.0 = Release|Any CPU
		{D478A8D2-35A3-4438-8967-4BB71C5B8342}.Debug|Any CPU.ActiveCfg = Debug|Any CPU
		{D478A8D2-35A3-4438-8967-4BB71C5B8342}.Debug|Any CPU.Build.0 = Debug|Any CPU
		{D478A8D2-35A3-4438-8967-4BB71C5B8342}.Release|Any CPU.ActiveCfg = Release|Any CPU
		{D478A8D2-35A3-4438-8967-4BB71C5B8342}.Release|Any CPU.Build.0 = Release|Any CPU
	EndGlobalSection
	GlobalSection(SolutionProperties) = preSolution
		HideSolutionNode = FALSE
	EndGlobalSection
	GlobalSection(ExtensibilityGlobals) = postSolution
		SolutionGuid = {1DFDCD5A-3FEA-4ED5-9976-023E1CD30A01}
	EndGlobalSection
EndGlobal
